// !$*UTF8*$!
{
	archiveVersion = 1;
	classes = {
	};
	objectVersion = 55;
	objects = {

/* Begin PBXBuildFile section */
		82C7F971285771A800BCBD74 /* ProfileViewController.swift in Sources */ = {isa = PBXBuildFile; fileRef = 82C7F970285771A800BCBD74 /* ProfileViewController.swift */; };
		82C7F9732857CFAD00BCBD74 /* PhotoPopupView.swift in Sources */ = {isa = PBXBuildFile; fileRef = 82C7F9722857CFAD00BCBD74 /* PhotoPopupView.swift */; };
		82C7F9752857E0C800BCBD74 /* ChoicePopupView.swift in Sources */ = {isa = PBXBuildFile; fileRef = 82C7F9742857E0C800BCBD74 /* ChoicePopupView.swift */; };
		82C7F9772857EA2100BCBD74 /* RecordView.swift in Sources */ = {isa = PBXBuildFile; fileRef = 82C7F9762857EA2100BCBD74 /* RecordView.swift */; };
		82C7F979285818AF00BCBD74 /* ListView.swift in Sources */ = {isa = PBXBuildFile; fileRef = 82C7F978285818AF00BCBD74 /* ListView.swift */; };
		82C7F97B28581BA200BCBD74 /* food.txt in Resources */ = {isa = PBXBuildFile; fileRef = 82C7F97A28581BA200BCBD74 /* food.txt */; };
		82C7F97D285E3B1700BCBD74 /* FoodTableCell.swift in Sources */ = {isa = PBXBuildFile; fileRef = 82C7F97C285E3B1700BCBD74 /* FoodTableCell.swift */; };
		82EBF73828328CC500938F2C /* AppDelegate.swift in Sources */ = {isa = PBXBuildFile; fileRef = 82EBF73728328CC500938F2C /* AppDelegate.swift */; };
		82EBF73A28328CC500938F2C /* SceneDelegate.swift in Sources */ = {isa = PBXBuildFile; fileRef = 82EBF73928328CC500938F2C /* SceneDelegate.swift */; };
		82EBF73C28328CC500938F2C /* ViewController.swift in Sources */ = {isa = PBXBuildFile; fileRef = 82EBF73B28328CC500938F2C /* ViewController.swift */; };
		82EBF73F28328CC500938F2C /* Main.storyboard in Resources */ = {isa = PBXBuildFile; fileRef = 82EBF73D28328CC500938F2C /* Main.storyboard */; };
		82EBF74128328CC900938F2C /* Assets.xcassets in Resources */ = {isa = PBXBuildFile; fileRef = 82EBF74028328CC900938F2C /* Assets.xcassets */; };
		82EBF74428328CC900938F2C /* LaunchScreen.storyboard in Resources */ = {isa = PBXBuildFile; fileRef = 82EBF74228328CC900938F2C /* LaunchScreen.storyboard */; };
/* End PBXBuildFile section */

/* Begin PBXFileReference section */
		82C7F970285771A800BCBD74 /* ProfileViewController.swift */ = {isa = PBXFileReference; lastKnownFileType = sourcecode.swift; path = ProfileViewController.swift; sourceTree = "<group>"; };
		82C7F9722857CFAD00BCBD74 /* PhotoPopupView.swift */ = {isa = PBXFileReference; lastKnownFileType = sourcecode.swift; path = PhotoPopupView.swift; sourceTree = "<group>"; };
		82C7F9742857E0C800BCBD74 /* ChoicePopupView.swift */ = {isa = PBXFileReference; lastKnownFileType = sourcecode.swift; path = ChoicePopupView.swift; sourceTree = "<group>"; };
		82C7F9762857EA2100BCBD74 /* RecordView.swift */ = {isa = PBXFileReference; lastKnownFileType = sourcecode.swift; path = RecordView.swift; sourceTree = "<group>"; };
		82C7F978285818AF00BCBD74 /* ListView.swift */ = {isa = PBXFileReference; lastKnownFileType = sourcecode.swift; path = ListView.swift; sourceTree = "<group>"; };
		82C7F97A28581BA200BCBD74 /* food.txt */ = {isa = PBXFileReference; fileEncoding = 4; lastKnownFileType = text; name = food.txt; path = ../../../../../../../Downloads/food.txt; sourceTree = "<group>"; };
		82C7F97C285E3B1700BCBD74 /* FoodTableCell.swift */ = {isa = PBXFileReference; lastKnownFileType = sourcecode.swift; path = FoodTableCell.swift; sourceTree = "<group>"; };
		82EBF73428328CC500938F2C /* Caloric Calculator.app */ = {isa = PBXFileReference; explicitFileType = wrapper.application; includeInIndex = 0; path = "Caloric Calculator.app"; sourceTree = BUILT_PRODUCTS_DIR; };
		82EBF73728328CC500938F2C /* AppDelegate.swift */ = {isa = PBXFileReference; lastKnownFileType = sourcecode.swift; path = AppDelegate.swift; sourceTree = "<group>"; };
		82EBF73928328CC500938F2C /* SceneDelegate.swift */ = {isa = PBXFileReference; lastKnownFileType = sourcecode.swift; path = SceneDelegate.swift; sourceTree = "<group>"; };
		82EBF73B28328CC500938F2C /* ViewController.swift */ = {isa = PBXFileReference; lastKnownFileType = sourcecode.swift; path = ViewController.swift; sourceTree = "<group>"; };
		82EBF73E28328CC500938F2C /* Base */ = {isa = PBXFileReference; lastKnownFileType = file.storyboard; name = Base; path = Base.lproj/Main.storyboard; sourceTree = "<group>"; };
		82EBF74028328CC900938F2C /* Assets.xcassets */ = {isa = PBXFileReference; lastKnownFileType = folder.assetcatalog; path = Assets.xcassets; sourceTree = "<group>"; };
		82EBF74328328CC900938F2C /* Base */ = {isa = PBXFileReference; lastKnownFileType = file.storyboard; name = Base; path = Base.lproj/LaunchScreen.storyboard; sourceTree = "<group>"; };
		82EBF74528328CC900938F2C /* Info.plist */ = {isa = PBXFileReference; lastKnownFileType = text.plist.xml; path = Info.plist; sourceTree = "<group>"; };
/* End PBXFileReference section */

/* Begin PBXFrameworksBuildPhase section */
		82EBF73128328CC500938F2C /* Frameworks */ = {
			isa = PBXFrameworksBuildPhase;
			buildActionMask = 2147483647;
			files = (
			);
			runOnlyForDeploymentPostprocessing = 0;
		};
/* End PBXFrameworksBuildPhase section */

/* Begin PBXGroup section */
		82EBF72B28328CC500938F2C = {
			isa = PBXGroup;
			children = (
				82EBF73628328CC500938F2C /* Caloric Calculator */,
				82EBF73528328CC500938F2C /* Products */,
			);
			sourceTree = "<group>";
		};
		82EBF73528328CC500938F2C /* Products */ = {
			isa = PBXGroup;
			children = (
				82EBF73428328CC500938F2C /* Caloric Calculator.app */,
			);
			name = Products;
			sourceTree = "<group>";
		};
		82EBF73628328CC500938F2C /* Caloric Calculator */ = {
			isa = PBXGroup;
			children = (
				82C7F97A28581BA200BCBD74 /* food.txt */,
				82EBF73728328CC500938F2C /* AppDelegate.swift */,
				82EBF73928328CC500938F2C /* SceneDelegate.swift */,
				82C7F9722857CFAD00BCBD74 /* PhotoPopupView.swift */,
				82C7F9762857EA2100BCBD74 /* RecordView.swift */,
				82C7F978285818AF00BCBD74 /* ListView.swift */,
				82C7F970285771A800BCBD74 /* ProfileViewController.swift */,
				82C7F97C285E3B1700BCBD74 /* FoodTableCell.swift */,
				82C7F9742857E0C800BCBD74 /* ChoicePopupView.swift */,
				82EBF73B28328CC500938F2C /* ViewController.swift */,
				82EBF73D28328CC500938F2C /* Main.storyboard */,
				82EBF74028328CC900938F2C /* Assets.xcassets */,
				82EBF74228328CC900938F2C /* LaunchScreen.storyboard */,
				82EBF74528328CC900938F2C /* Info.plist */,
			);
			path = "Caloric Calculator";
			sourceTree = "<group>";
		};
/* End PBXGroup section */

/* Begin PBXNativeTarget section */
		82EBF73328328CC500938F2C /* Caloric Calculator */ = {
			isa = PBXNativeTarget;
			buildConfigurationList = 82EBF74828328CC900938F2C /* Build configuration list for PBXNativeTarget "Caloric Calculator" */;
			buildPhases = (
				82EBF73028328CC500938F2C /* Sources */,
				82EBF73128328CC500938F2C /* Frameworks */,
				82EBF73228328CC500938F2C /* Resources */,
			);
			buildRules = (
			);
			dependencies = (
			);
			name = "Caloric Calculator";
			productName = "Caloric Calculator";
			productReference = 82EBF73428328CC500938F2C /* Caloric Calculator.app */;
			productType = "com.apple.product-type.application";
		};
/* End PBXNativeTarget section */

/* Begin PBXProject section */
		82EBF72C28328CC500938F2C /* Project object */ = {
			isa = PBXProject;
			attributes = {
				BuildIndependentTargetsInParallel = 1;
				LastSwiftUpdateCheck = 1330;
				LastUpgradeCheck = 1330;
				TargetAttributes = {
					82EBF73328328CC500938F2C = {
						CreatedOnToolsVersion = 13.3.1;
					};
				};
			};
			buildConfigurationList = 82EBF72F28328CC500938F2C /* Build configuration list for PBXProject "Caloric Calculator" */;
			compatibilityVersion = "Xcode 13.0";
			developmentRegion = en;
			hasScannedForEncodings = 0;
			knownRegions = (
				en,
				Base,
			);
			mainGroup = 82EBF72B28328CC500938F2C;
			productRefGroup = 82EBF73528328CC500938F2C /* Products */;
			projectDirPath = "";
			projectRoot = "";
			targets = (
				82EBF73328328CC500938F2C /* Caloric Calculator */,
			);
		};
/* End PBXProject section */

/* Begin PBXResourcesBuildPhase section */
		82EBF73228328CC500938F2C /* Resources */ = {
			isa = PBXResourcesBuildPhase;
			buildActionMask = 2147483647;
			files = (
				82EBF74428328CC900938F2C /* LaunchScreen.storyboard in Resources */,
				82EBF74128328CC900938F2C /* Assets.xcassets in Resources */,
				82C7F97B28581BA200BCBD74 /* food.txt in Resources */,
				82EBF73F28328CC500938F2C /* Main.storyboard in Resources */,
			);
			runOnlyForDeploymentPostprocessing = 0;
		};
/* End PBXResourcesBuildPhase section */

/* Begin PBXSourcesBuildPhase section */
		82EBF73028328CC500938F2C /* Sources */ = {
			isa = PBXSourcesBuildPhase;
			buildActionMask = 2147483647;
			files = (
				82C7F979285818AF00BCBD74 /* ListView.swift in Sources */,
				82C7F9752857E0C800BCBD74 /* ChoicePopupView.swift in Sources */,
				82EBF73C28328CC500938F2C /* ViewController.swift in Sources */,
				82C7F97D285E3B1700BCBD74 /* FoodTableCell.swift in Sources */,
				82C7F9732857CFAD00BCBD74 /* PhotoPopupView.swift in Sources */,
				82C7F9772857EA2100BCBD74 /* RecordView.swift in Sources */,
				82EBF73828328CC500938F2C /* AppDelegate.swift in Sources */,
				82C7F971285771A800BCBD74 /* ProfileViewController.swift in Sources */,
				82EBF73A28328CC500938F2C /* SceneDelegate.swift in Sources */,
			);
			runOnlyForDeploymentPostprocessing = 0;
		};
/* End PBXSourcesBuildPhase section */

/* Begin PBXVariantGroup section */
		82EBF73D28328CC500938F2C /* Main.storyboard */ = {
			isa = PBXVariantGroup;
			children = (
				82EBF73E28328CC500938F2C /* Base */,
			);
			name = Main.storyboard;
			sourceTree = "<group>";
		};
		82EBF74228328CC900938F2C /* LaunchScreen.storyboard */ = {
			isa = PBXVariantGroup;
			children = (
				82EBF74328328CC900938F2C /* Base */,
			);
			name = LaunchScreen.storyboard;
			sourceTree = "<group>";
		};
/* End PBXVariantGroup section */

/* Begin XCBuildConfiguration section */
		82EBF74628328CC900938F2C /* Debug */ = {
			isa = XCBuildConfiguration;
			buildSettings = {
				ALWAYS_SEARCH_USER_PATHS = NO;
				CLANG_ANALYZER_NONNULL = YES;
				CLANG_ANALYZER_NUMBER_OBJECT_CONVERSION = YES_AGGRESSIVE;
				CLANG_CXX_LANGUAGE_STANDARD = "gnu++17";
				CLANG_ENABLE_MODULES = YES;
				CLANG_ENABLE_OBJC_ARC = YES;
				CLANG_ENABLE_OBJC_WEAK = YES;
				CLANG_WARN_BLOCK_CAPTURE_AUTORELEASING = YES;
				CLANG_WARN_BOOL_CONVERSION = YES;
				CLANG_WARN_COMMA = YES;
				CLANG_WARN_CONSTANT_CONVERSION = YES;
				CLANG_WARN_DEPRECATED_OBJC_IMPLEMENTATIONS = YES;
				CLANG_WARN_DIRECT_OBJC_ISA_USAGE = YES_ERROR;
				CLANG_WARN_DOCUMENTATION_COMMENTS = YES;
				CLANG_WARN_EMPTY_BODY = YES;
				CLANG_WARN_ENUM_CONVERSION = YES;
				CLANG_WARN_INFINITE_RECURSION = YES;
				CLANG_WARN_INT_CONVERSION = YES;
				CLANG_WARN_NON_LITERAL_NULL_CONVERSION = YES;
				CLANG_WARN_OBJC_IMPLICIT_RETAIN_SELF = YES;
				CLANG_WARN_OBJC_LITERAL_CONVERSION = YES;
				CLANG_WARN_OBJC_ROOT_CLASS = YES_ERROR;
				CLANG_WARN_QUOTED_INCLUDE_IN_FRAMEWORK_HEADER = YES;
				CLANG_WARN_RANGE_LOOP_ANALYSIS = YES;
				CLANG_WARN_STRICT_PROTOTYPES = YES;
				CLANG_WARN_SUSPICIOUS_MOVE = YES;
				CLANG_WARN_UNGUARDED_AVAILABILITY = YES_AGGRESSIVE;
				CLANG_WARN_UNREACHABLE_CODE = YES;
				CLANG_WARN__DUPLICATE_METHOD_MATCH = YES;
				COPY_PHASE_STRIP = NO;
				DEBUG_INFORMATION_FORMAT = dwarf;
				ENABLE_STRICT_OBJC_MSGSEND = YES;
				ENABLE_TESTABILITY = YES;
				GCC_C_LANGUAGE_STANDARD = gnu11;
				GCC_DYNAMIC_NO_PIC = NO;
				GCC_NO_COMMON_BLOCKS = YES;
				GCC_OPTIMIZATION_LEVEL = 0;
				GCC_PREPROCESSOR_DEFINITIONS = (
					"DEBUG=1",
					"$(inherited)",
				);
				GCC_WARN_64_TO_32_BIT_CONVERSION = YES;
				GCC_WARN_ABOUT_RETURN_TYPE = YES_ERROR;
				GCC_WARN_UNDECLARED_SELECTOR = YES;
				GCC_WARN_UNINITIALIZED_AUTOS = YES_AGGRESSIVE;
				GCC_WARN_UNUSED_FUNCTION = YES;
				GCC_WARN_UNUSED_VARIABLE = YES;
				IPHONEOS_DEPLOYMENT_TARGET = 15.4;
				MTL_ENABLE_DEBUG_INFO = INCLUDE_SOURCE;
				MTL_FAST_MATH = YES;
				ONLY_ACTIVE_ARCH = YES;
				SDKROOT = iphoneos;
				SWIFT_ACTIVE_COMPILATION_CONDITIONS = DEBUG;
				SWIFT_OPTIMIZATION_LEVEL = "-Onone";
			};
			name = Debug;
		};
		82EBF74728328CC900938F2C /* Release */ = {
			isa = XCBuildConfiguration;
			buildSettings = {
				ALWAYS_SEARCH_USER_PATHS = NO;
				CLANG_ANALYZER_NONNULL = YES;
				CLANG_ANALYZER_NUMBER_OBJECT_CONVERSION = YES_AGGRESSIVE;
				CLANG_CXX_LANGUAGE_STANDARD = "gnu++17";
				CLANG_ENABLE_MODULES = YES;
				CLANG_ENABLE_OBJC_ARC = YES;
				CLANG_ENABLE_OBJC_WEAK = YES;
				CLANG_WARN_BLOCK_CAPTURE_AUTORELEASING = YES;
				CLANG_WARN_BOOL_CONVERSION = YES;
				CLANG_WARN_COMMA = YES;
				CLANG_WARN_CONSTANT_CONVERSION = YES;
				CLANG_WARN_DEPRECATED_OBJC_IMPLEMENTATIONS = YES;
				CLANG_WARN_DIRECT_OBJC_ISA_USAGE = YES_ERROR;
				CLANG_WARN_DOCUMENTATION_COMMENTS = YES;
				CLANG_WARN_EMPTY_BODY = YES;
				CLANG_WARN_ENUM_CONVERSION = YES;
				CLANG_WARN_INFINITE_RECURSION = YES;
				CLANG_WARN_INT_CONVERSION = YES;
				CLANG_WARN_NON_LITERAL_NULL_CONVERSION = YES;
				CLANG_WARN_OBJC_IMPLICIT_RETAIN_SELF = YES;
				CLANG_WARN_OBJC_LITERAL_CONVERSION = YES;
				CLANG_WARN_OBJC_ROOT_CLASS = YES_ERROR;
				CLANG_WARN_QUOTED_INCLUDE_IN_FRAMEWORK_HEADER = YES;
				CLANG_WARN_RANGE_LOOP_ANALYSIS = YES;
				CLANG_WARN_STRICT_PROTOTYPES = YES;
				CLANG_WARN_SUSPICIOUS_MOVE = YES;
				CLANG_WARN_UNGUARDED_AVAILABILITY = YES_AGGRESSIVE;
				CLANG_WARN_UNREACHABLE_CODE = YES;
				CLANG_WARN__DUPLICATE_METHOD_MATCH = YES;
				COPY_PHASE_STRIP = NO;
				DEBUG_INFORMATION_FORMAT = "dwarf-with-dsym";
				ENABLE_NS_ASSERTIONS = NO;
				ENABLE_STRICT_OBJC_MSGSEND = YES;
				GCC_C_LANGUAGE_STANDARD = gnu11;
				GCC_NO_COMMON_BLOCKS = YES;
				GCC_WARN_64_TO_32_BIT_CONVERSION = YES;
				GCC_WARN_ABOUT_RETURN_TYPE = YES_ERROR;
				GCC_WARN_UNDECLARED_SELECTOR = YES;
				GCC_WARN_UNINITIALIZED_AUTOS = YES_AGGRESSIVE;
				GCC_WARN_UNUSED_FUNCTION = YES;
				GCC_WARN_UNUSED_VARIABLE = YES;
				IPHONEOS_DEPLOYMENT_TARGET = 15.4;
				MTL_ENABLE_DEBUG_INFO = NO;
				MTL_FAST_MATH = YES;
				SDKROOT = iphoneos;
				SWIFT_COMPILATION_MODE = wholemodule;
				SWIFT_OPTIMIZATION_LEVEL = "-O";
				VALIDATE_PRODUCT = YES;
			};
			name = Release;
		};
		82EBF74928328CC900938F2C /* Debug */ = {
			isa = XCBuildConfiguration;
			buildSettings = {
				ASSETCATALOG_COMPILER_APPICON_NAME = AppIcon;
				ASSETCATALOG_COMPILER_GLOBAL_ACCENT_COLOR_NAME = AccentColor;
				CODE_SIGN_STYLE = Automatic;
				CURRENT_PROJECT_VERSION = 1;
				DEVELOPMENT_TEAM = 6JF9YZ36SM;
				GENERATE_INFOPLIST_FILE = YES;
				INFOPLIST_FILE = "Caloric Calculator/Info.plist";
				INFOPLIST_KEY_UIApplicationSupportsIndirectInputEvents = YES;
				INFOPLIST_KEY_UILaunchStoryboardName = LaunchScreen;
				INFOPLIST_KEY_UIMainStoryboardFile = Main;
				INFOPLIST_KEY_UISupportedInterfaceOrientations_iPad = "UIInterfaceOrientationPortrait UIInterfaceOrientationPortraitUpsideDown UIInterfaceOrientationLandscapeLeft UIInterfaceOrientationLandscapeRight";
				INFOPLIST_KEY_UISupportedInterfaceOrientations_iPhone = "UIInterfaceOrientationPortrait UIInterfaceOrientationLandscapeLeft UIInterfaceOrientationLandscapeRight";
				LD_RUNPATH_SEARCH_PATHS = (
					"$(inherited)",
					"@executable_path/Frameworks",
				);
				MARKETING_VERSION = 1.0;
				PRODUCT_BUNDLE_IDENTIFIER = "com.doubleYJ.Caloric-Calculator";
				PRODUCT_NAME = "$(TARGET_NAME)";
				SWIFT_EMIT_LOC_STRINGS = YES;
				SWIFT_VERSION = 5.0;
				TARGETED_DEVICE_FAMILY = "1,2";
			};
			name = Debug;
		};
		82EBF74A28328CC900938F2C /* Release */ = {
			isa = XCBuildConfiguration;
			buildSettings = {
				ASSETCATALOG_COMPILER_APPICON_NAME = AppIcon;
				ASSETCATALOG_COMPILER_GLOBAL_ACCENT_COLOR_NAME = AccentColor;
				CODE_SIGN_STYLE = Automatic;
				CURRENT_PROJECT_VERSION = 1;
				DEVELOPMENT_TEAM = 6JF9YZ36SM;
				GENERATE_INFOPLIST_FILE = YES;
				INFOPLIST_FILE = "Caloric Calculator/Info.plist";
				INFOPLIST_KEY_UIApplicationSupportsIndirectInputEvents = YES;
				INFOPLIST_KEY_UILaunchStoryboardName = LaunchScreen;
				INFOPLIST_KEY_UIMainStoryboardFile = Main;
				INFOPLIST_KEY_UISupportedInterfaceOrientations_iPad = "UIInterfaceOrientationPortrait UIInterfaceOrientationPortraitUpsideDown UIInterfaceOrientationLandscapeLeft UIInterfaceOrientationLandscapeRight";
				INFOPLIST_KEY_UISupportedInterfaceOrientations_iPhone = "UIInterfaceOrientationPortrait UIInterfaceOrientationLandscapeLeft UIInterfaceOrientationLandscapeRight";
				LD_RUNPATH_SEARCH_PATHS = (
					"$(inherited)",
					"@executable_path/Frameworks",
				);
				MARKETING_VERSION = 1.0;
				PRODUCT_BUNDLE_IDENTIFIER = "com.doubleYJ.Caloric-Calculator";
				PRODUCT_NAME = "$(TARGET_NAME)";
				SWIFT_EMIT_LOC_STRINGS = YES;
				SWIFT_VERSION = 5.0;
				TARGETED_DEVICE_FAMILY = "1,2";
			};
			name = Release;
		};
/* End XCBuildConfiguration section */

/* Begin XCConfigurationList section */
		82EBF72F28328CC500938F2C /* Build configuration list for PBXProject "Caloric Calculator" */ = {
			isa = XCConfigurationList;
			buildConfigurations = (
				82EBF74628328CC900938F2C /* Debug */,
				82EBF74728328CC900938F2C /* Release */,
			);
			defaultConfigurationIsVisible = 0;
			defaultConfigurationName = Release;
		};
		82EBF74828328CC900938F2C /* Build configuration list for PBXNativeTarget "Caloric Calculator" */ = {
			isa = XCConfigurationList;
			buildConfigurations = (
				82EBF74928328CC900938F2C /* Debug */,
				82EBF74A28328CC900938F2C /* Release */,
			);
			defaultConfigurationIsVisible = 0;
			defaultConfigurationName = Release;
		};
/* End XCConfigurationList section */
	};
	rootObject = 82EBF72C28328CC500938F2C /* Project object */;
}
